
Microsoft Visual Studio Solution File, Format Version 12.00
# Visual Studio 15
VisualStudioVersion = 15.0.28010.2036
MinimumVisualStudioVersion = 10.0.40219.1
Project("{FAE04EC0-301F-11D3-BF4B-00C04F79EFBC}") = "DomainValues", "DomainValues\DomainValues.csproj", "{1D1C8EB9-6911-46E3-8DEA-301D06322042}"
EndProject
Project("{FAE04EC0-301F-11D3-BF4B-00C04F79EFBC}") = "DomainValues.ItemTemplate", "DomainValues.ItemTemplate\DomainValues.ItemTemplate.csproj", "{583F24E5-0DAF-4775-9408-15B699BA9260}"
EndProject
Project("{FAE04EC0-301F-11D3-BF4B-00C04F79EFBC}") = "DomainValues.Test", "DomainValues.Test\DomainValues.Test.csproj", "{857380BF-7CA5-4F51-8CBB-716533FFAC0F}"
EndProject
Project("{2150E333-8FDC-42A3-9474-1A3956D46DE8}") = "Solution Items", "Solution Items", "{1702CA7A-501C-4BC0-8C5D-396D7BE1B62E}"
	ProjectSection(SolutionItems) = preProject
		appveyor.yml = appveyor.yml
		CHANGELOG.md = CHANGELOG.md
		README.md = README.md
	EndProjectSection
EndProject
Global
	GlobalSection(SolutionConfigurationPlatforms) = preSolution
		Debug|Any CPU = Debug|Any CPU
		Release|Any CPU = Release|Any CPU
	EndGlobalSection
	GlobalSection(ProjectConfigurationPlatforms) = postSolution
		{1D1C8EB9-6911-46E3-8DEA-301D06322042}.Debug|Any CPU.ActiveCfg = Debug|Any CPU
		{1D1C8EB9-6911-46E3-8DEA-301D06322042}.Debug|Any CPU.Build.0 = Debug|Any CPU
		{1D1C8EB9-6911-46E3-8DEA-301D06322042}.Release|Any CPU.ActiveCfg = Release|Any CPU
		{1D1C8EB9-6911-46E3-8DEA-301D06322042}.Release|Any CPU.Build.0 = Release|Any CPU
		{583F24E5-0DAF-4775-9408-15B699BA9260}.Debug|Any CPU.ActiveCfg = Debug|Any CPU
		{583F24E5-0DAF-4775-9408-15B699BA9260}.Debug|Any CPU.Build.0 = Debug|Any CPU
		{583F24E5-0DAF-4775-9408-15B699BA9260}.Release|Any CPU.ActiveCfg = Release|Any CPU
		{583F24E5-0DAF-4775-9408-15B699BA9260}.Release|Any CPU.Build.0 = Release|Any CPU
		{857380BF-7CA5-4F51-8CBB-716533FFAC0F}.Debug|Any CPU.ActiveCfg = Debug|Any CPU
		{857380BF-7CA5-4F51-8CBB-716533FFAC0F}.Debug|Any CPU.Build.0 = Debug|Any CPU
		{857380BF-7CA5-4F51-8CBB-716533FFAC0F}.Release|Any CPU.ActiveCfg = Release|Any CPU
		{857380BF-7CA5-4F51-8CBB-716533FFAC0F}.Release|Any CPU.Build.0 = Release|Any CPU
	EndGlobalSection
	GlobalSection(SolutionProperties) = preSolution
		HideSolutionNode = FALSE
	EndGlobalSection
	GlobalSection(ExtensibilityGlobals) = postSolution
		SolutionGuid = {ACB22E73-8F04-4239-A130-BC86864B72B9}
	EndGlobalSection
EndGlobal
